
Microsoft Visual Studio Solution File, Format Version 12.00
# Visual Studio Version 16
VisualStudioVersion = 16.0.29409.12
MinimumVisualStudioVersion = 10.0.40219.1
Project("{9A19103F-16F7-4668-BE54-9A1E7A4F7556}") = "FNA.Core", "FNA\FNA.Core.csproj", "{42216E91-3580-4579-A18C-1B9998622059}"
EndProject
Project("{9A19103F-16F7-4668-BE54-9A1E7A4F7556}") = "ExampleFNA", "ExampleFNA\ExampleFNA.csproj", "{D47CD8B9-EF01-45E8-8A37-98B34DC45788}"
EndProject
Project("{9A19103F-16F7-4668-BE54-9A1E7A4F7556}") = "FNAAvalonia", "FNAAvalonia\FNAAvalonia.csproj", "{FE8E22FE-F295-4976-B505-F5DC3C9C179D}"
EndProject
Project("{9A19103F-16F7-4668-BE54-9A1E7A4F7556}") = "FNAWPF", "FNAWPF\FNAWPF.csproj", "{91FB72C5-6551-440B-9312-95F40D0AC0CA}"
EndProject
Project("{9A19103F-16F7-4668-BE54-9A1E7A4F7556}") = "FNAImgui", "FNAImgui\FNAImgui.csproj", "{CDD49A4E-9841-48FF-B301-B52C16CD7836}"
EndProject
Global
	GlobalSection(SolutionConfigurationPlatforms) = preSolution
		Debug|Any CPU = Debug|Any CPU
		Debug|x64 = Debug|x64
		Debug|x86 = Debug|x86
		Linux|Any CPU = Linux|Any CPU
		Linux|x64 = Linux|x64
		Linux|x86 = Linux|x86
		Mac|Any CPU = Mac|Any CPU
		Mac|x64 = Mac|x64
		Mac|x86 = Mac|x86
		Release|Any CPU = Release|Any CPU
		Release|x64 = Release|x64
		Release|x86 = Release|x86
		Windows|Any CPU = Windows|Any CPU
		Windows|x64 = Windows|x64
		Windows|x86 = Windows|x86
	EndGlobalSection
	GlobalSection(ProjectConfigurationPlatforms) = postSolution
		{42216E91-3580-4579-A18C-1B9998622059}.Debug|Any CPU.ActiveCfg = Debug|x64
		{42216E91-3580-4579-A18C-1B9998622059}.Debug|x64.ActiveCfg = Debug|x64
		{42216E91-3580-4579-A18C-1B9998622059}.Debug|x64.Build.0 = Debug|x64
		{42216E91-3580-4579-A18C-1B9998622059}.Debug|x86.ActiveCfg = Debug|x64
		{42216E91-3580-4579-A18C-1B9998622059}.Linux|Any CPU.ActiveCfg = Debug|x64
		{42216E91-3580-4579-A18C-1B9998622059}.Linux|Any CPU.Build.0 = Debug|x64
		{42216E91-3580-4579-A18C-1B9998622059}.Linux|x64.ActiveCfg = Debug|x64
		{42216E91-3580-4579-A18C-1B9998622059}.Linux|x64.Build.0 = Debug|x64
		{42216E91-3580-4579-A18C-1B9998622059}.Linux|x86.ActiveCfg = Debug|x64
		{42216E91-3580-4579-A18C-1B9998622059}.Linux|x86.Build.0 = Debug|x64
		{42216E91-3580-4579-A18C-1B9998622059}.Mac|Any CPU.ActiveCfg = Debug|x64
		{42216E91-3580-4579-A18C-1B9998622059}.Mac|Any CPU.Build.0 = Debug|x64
		{42216E91-3580-4579-A18C-1B9998622059}.Mac|x64.ActiveCfg = Debug|x64
		{42216E91-3580-4579-A18C-1B9998622059}.Mac|x64.Build.0 = Debug|x64
		{42216E91-3580-4579-A18C-1B9998622059}.Mac|x86.ActiveCfg = Debug|x64
		{42216E91-3580-4579-A18C-1B9998622059}.Mac|x86.Build.0 = Debug|x64
		{42216E91-3580-4579-A18C-1B9998622059}.Release|Any CPU.ActiveCfg = Release|x64
		{42216E91-3580-4579-A18C-1B9998622059}.Release|x64.ActiveCfg = Release|x64
		{42216E91-3580-4579-A18C-1B9998622059}.Release|x64.Build.0 = Release|x64
		{42216E91-3580-4579-A18C-1B9998622059}.Release|x86.ActiveCfg = Release|x64
		{42216E91-3580-4579-A18C-1B9998622059}.Windows|Any CPU.ActiveCfg = Debug|x64
		{42216E91-3580-4579-A18C-1B9998622059}.Windows|Any CPU.Build.0 = Debug|x64
		{42216E91-3580-4579-A18C-1B9998622059}.Windows|x64.ActiveCfg = Debug|x64
		{42216E91-3580-4579-A18C-1B9998622059}.Windows|x64.Build.0 = Debug|x64
		{42216E91-3580-4579-A18C-1B9998622059}.Windows|x86.ActiveCfg = Debug|x64
		{42216E91-3580-4579-A18C-1B9998622059}.Windows|x86.Build.0 = Debug|x64
		{D47CD8B9-EF01-45E8-8A37-98B34DC45788}.Debug|Any CPU.ActiveCfg = Debug|Any CPU
		{D47CD8B9-EF01-45E8-8A37-98B34DC45788}.Debug|Any CPU.Build.0 = Debug|Any CPU
		{D47CD8B9-EF01-45E8-8A37-98B34DC45788}.Debug|x64.ActiveCfg = Debug|Any CPU
		{D47CD8B9-EF01-45E8-8A37-98B34DC45788}.Debug|x64.Build.0 = Debug|Any CPU
		{D47CD8B9-EF01-45E8-8A37-98B34DC45788}.Debug|x86.ActiveCfg = Debug|Any CPU
		{D47CD8B9-EF01-45E8-8A37-98B34DC45788}.Debug|x86.Build.0 = Debug|Any CPU
		{D47CD8B9-EF01-45E8-8A37-98B34DC45788}.Linux|Any CPU.ActiveCfg = Release|Any CPU
		{D47CD8B9-EF01-45E8-8A37-98B34DC45788}.Linux|Any CPU.Build.0 = Release|Any CPU
		{D47CD8B9-EF01-45E8-8A37-98B34DC45788}.Linux|x64.ActiveCfg = Release|Any CPU
		{D47CD8B9-EF01-45E8-8A37-98B34DC45788}.Linux|x64.Build.0 = Release|Any CPU
		{D47CD8B9-EF01-45E8-8A37-98B34DC45788}.Linux|x86.ActiveCfg = Release|Any CPU
		{D47CD8B9-EF01-45E8-8A37-98B34DC45788}.Linux|x86.Build.0 = Release|Any CPU
		{D47CD8B9-EF01-45E8-8A37-98B34DC45788}.Mac|Any CPU.ActiveCfg = Release|Any CPU
		{D47CD8B9-EF01-45E8-8A37-98B34DC45788}.Mac|Any CPU.Build.0 = Release|Any CPU
		{D47CD8B9-EF01-45E8-8A37-98B34DC45788}.Mac|x64.ActiveCfg = Release|Any CPU
		{D47CD8B9-EF01-45E8-8A37-98B34DC45788}.Mac|x64.Build.0 = Release|Any CPU
		{D47CD8B9-EF01-45E8-8A37-98B34DC45788}.Mac|x86.ActiveCfg = Release|Any CPU
		{D47CD8B9-EF01-45E8-8A37-98B34DC45788}.Mac|x86.Build.0 = Release|Any CPU
		{D47CD8B9-EF01-45E8-8A37-98B34DC45788}.Release|Any CPU.ActiveCfg = Release|Any CPU
		{D47CD8B9-EF01-45E8-8A37-98B34DC45788}.Release|Any CPU.Build.0 = Release|Any CPU
		{D47CD8B9-EF01-45E8-8A37-98B34DC45788}.Release|x64.ActiveCfg = Release|Any CPU
		{D47CD8B9-EF01-45E8-8A37-98B34DC45788}.Release|x64.Build.0 = Release|Any CPU
		{D47CD8B9-EF01-45E8-8A37-98B34DC45788}.Release|x86.ActiveCfg = Release|Any CPU
		{D47CD8B9-EF01-45E8-8A37-98B34DC45788}.Release|x86.Build.0 = Release|Any CPU
		{D47CD8B9-EF01-45E8-8A37-98B34DC45788}.Windows|Any CPU.ActiveCfg = Release|Any CPU
		{D47CD8B9-EF01-45E8-8A37-98B34DC45788}.Windows|Any CPU.Build.0 = Release|Any CPU
		{D47CD8B9-EF01-45E8-8A37-98B34DC45788}.Windows|x64.ActiveCfg = Release|Any CPU
		{D47CD8B9-EF01-45E8-8A37-98B34DC45788}.Windows|x64.Build.0 = Release|Any CPU
		{D47CD8B9-EF01-45E8-8A37-98B34DC45788}.Windows|x86.ActiveCfg = Release|Any CPU
		{D47CD8B9-EF01-45E8-8A37-98B34DC45788}.Windows|x86.Build.0 = Release|Any CPU
		{FE8E22FE-F295-4976-B505-F5DC3C9C179D}.Debug|Any CPU.ActiveCfg = Debug|Any CPU
		{FE8E22FE-F295-4976-B505-F5DC3C9C179D}.Debug|Any CPU.Build.0 = Debug|Any CPU
		{FE8E22FE-F295-4976-B505-F5DC3C9C179D}.Debug|x64.ActiveCfg = Debug|Any CPU
		{FE8E22FE-F295-4976-B505-F5DC3C9C179D}.Debug|x64.Build.0 = Debug|Any CPU
		{FE8E22FE-F295-4976-B505-F5DC3C9C179D}.Debug|x86.ActiveCfg = Debug|Any CPU
		{FE8E22FE-F295-4976-B505-F5DC3C9C179D}.Debug|x86.Build.0 = Debug|Any CPU
		{FE8E22FE-F295-4976-B505-F5DC3C9C179D}.Linux|Any CPU.ActiveCfg = Debug|Any CPU
		{FE8E22FE-F295-4976-B505-F5DC3C9C179D}.Linux|Any CPU.Build.0 = Debug|Any CPU
		{FE8E22FE-F295-4976-B505-F5DC3C9C179D}.Linux|x64.ActiveCfg = Debug|Any CPU
		{FE8E22FE-F295-4976-B505-F5DC3C9C179D}.Linux|x64.Build.0 = Debug|Any CPU
		{FE8E22FE-F295-4976-B505-F5DC3C9C179D}.Linux|x86.ActiveCfg = Debug|Any CPU
		{FE8E22FE-F295-4976-B505-F5DC3C9C179D}.Linux|x86.Build.0 = Debug|Any CPU
		{FE8E22FE-F295-4976-B505-F5DC3C9C179D}.Mac|Any CPU.ActiveCfg = Debug|Any CPU
		{FE8E22FE-F295-4976-B505-F5DC3C9C179D}.Mac|Any CPU.Build.0 = Debug|Any CPU
		{FE8E22FE-F295-4976-B505-F5DC3C9C179D}.Mac|x64.ActiveCfg = Debug|Any CPU
		{FE8E22FE-F295-4976-B505-F5DC3C9C179D}.Mac|x64.Build.0 = Debug|Any CPU
		{FE8E22FE-F295-4976-B505-F5DC3C9C179D}.Mac|x86.ActiveCfg = Debug|Any CPU
		{FE8E22FE-F295-4976-B505-F5DC3C9C179D}.Mac|x86.Build.0 = Debug|Any CPU
		{FE8E22FE-F295-4976-B505-F5DC3C9C179D}.Release|Any CPU.ActiveCfg = Release|Any CPU
		{FE8E22FE-F295-4976-B505-F5DC3C9C179D}.Release|Any CPU.Build.0 = Release|Any CPU
		{FE8E22FE-F295-4976-B505-F5DC3C9C179D}.Release|x64.ActiveCfg = Release|Any CPU
		{FE8E22FE-F295-4976-B505-F5DC3C9C179D}.Release|x64.Build.0 = Release|Any CPU
		{FE8E22FE-F295-4976-B505-F5DC3C9C179D}.Release|x86.ActiveCfg = Release|Any CPU
		{FE8E22FE-F295-4976-B505-F5DC3C9C179D}.Release|x86.Build.0 = Release|Any CPU
		{FE8E22FE-F295-4976-B505-F5DC3C9C179D}.Windows|Any CPU.ActiveCfg = Debug|Any CPU
		{FE8E22FE-F295-4976-B505-F5DC3C9C179D}.Windows|Any CPU.Build.0 = Debug|Any CPU
		{FE8E22FE-F295-4976-B505-F5DC3C9C179D}.Windows|x64.ActiveCfg = Debug|Any CPU
		{FE8E22FE-F295-4976-B505-F5DC3C9C179D}.Windows|x64.Build.0 = Debug|Any CPU
		{FE8E22FE-F295-4976-B505-F5DC3C9C179D}.Windows|x86.ActiveCfg = Debug|Any CPU
		{FE8E22FE-F295-4976-B505-F5DC3C9C179D}.Windows|x86.Build.0 = Debug|Any CPU
		{91FB72C5-6551-440B-9312-95F40D0AC0CA}.Debug|Any CPU.ActiveCfg = Debug|Any CPU
		{91FB72C5-6551-440B-9312-95F40D0AC0CA}.Debug|Any CPU.Build.0 = Debug|Any CPU
		{91FB72C5-6551-440B-9312-95F40D0AC0CA}.Debug|x64.ActiveCfg = Debug|Any CPU
		{91FB72C5-6551-440B-9312-95F40D0AC0CA}.Debug|x64.Build.0 = Debug|Any CPU
		{91FB72C5-6551-440B-9312-95F40D0AC0CA}.Debug|x86.ActiveCfg = Debug|Any CPU
		{91FB72C5-6551-440B-9312-95F40D0AC0CA}.Debug|x86.Build.0 = Debug|Any CPU
		{91FB72C5-6551-440B-9312-95F40D0AC0CA}.Linux|Any CPU.ActiveCfg = Debug|Any CPU
		{91FB72C5-6551-440B-9312-95F40D0AC0CA}.Linux|Any CPU.Build.0 = Debug|Any CPU
		{91FB72C5-6551-440B-9312-95F40D0AC0CA}.Linux|x64.ActiveCfg = Debug|Any CPU
		{91FB72C5-6551-440B-9312-95F40D0AC0CA}.Linux|x64.Build.0 = Debug|Any CPU
		{91FB72C5-6551-440B-9312-95F40D0AC0CA}.Linux|x86.ActiveCfg = Debug|Any CPU
		{91FB72C5-6551-440B-9312-95F40D0AC0CA}.Linux|x86.Build.0 = Debug|Any CPU
		{91FB72C5-6551-440B-9312-95F40D0AC0CA}.Mac|Any CPU.ActiveCfg = Debug|Any CPU
		{91FB72C5-6551-440B-9312-95F40D0AC0CA}.Mac|Any CPU.Build.0 = Debug|Any CPU
		{91FB72C5-6551-440B-9312-95F40D0AC0CA}.Mac|x64.ActiveCfg = Debug|Any CPU
		{91FB72C5-6551-440B-9312-95F40D0AC0CA}.Mac|x64.Build.0 = Debug|Any CPU
		{91FB72C5-6551-440B-9312-95F40D0AC0CA}.Mac|x86.ActiveCfg = Debug|Any CPU
		{91FB72C5-6551-440B-9312-95F40D0AC0CA}.Mac|x86.Build.0 = Debug|Any CPU
		{91FB72C5-6551-440B-9312-95F40D0AC0CA}.Release|Any CPU.ActiveCfg = Release|Any CPU
		{91FB72C5-6551-440B-9312-95F40D0AC0CA}.Release|Any CPU.Build.0 = Release|Any CPU
		{91FB72C5-6551-440B-9312-95F40D0AC0CA}.Release|x64.ActiveCfg = Release|Any CPU
		{91FB72C5-6551-440B-9312-95F40D0AC0CA}.Release|x64.Build.0 = Release|Any CPU
		{91FB72C5-6551-440B-9312-95F40D0AC0CA}.Release|x86.ActiveCfg = Release|Any CPU
		{91FB72C5-6551-440B-9312-95F40D0AC0CA}.Release|x86.Build.0 = Release|Any CPU
		{91FB72C5-6551-440B-9312-95F40D0AC0CA}.Windows|Any CPU.ActiveCfg = Debug|Any CPU
		{91FB72C5-6551-440B-9312-95F40D0AC0CA}.Windows|Any CPU.Build.0 = Debug|Any CPU
		{91FB72C5-6551-440B-9312-95F40D0AC0CA}.Windows|x64.ActiveCfg = Debug|Any CPU
		{91FB72C5-6551-440B-9312-95F40D0AC0CA}.Windows|x64.Build.0 = Debug|Any CPU
		{91FB72C5-6551-440B-9312-95F40D0AC0CA}.Windows|x86.ActiveCfg = Debug|Any CPU
		{91FB72C5-6551-440B-9312-95F40D0AC0CA}.Windows|x86.Build.0 = Debug|Any CPU
		{CDD49A4E-9841-48FF-B301-B52C16CD7836}.Debug|Any CPU.ActiveCfg = Debug|Any CPU
		{CDD49A4E-9841-48FF-B301-B52C16CD7836}.Debug|Any CPU.Build.0 = Debug|Any CPU
		{CDD49A4E-9841-48FF-B301-B52C16CD7836}.Debug|x64.ActiveCfg = Debug|Any CPU
		{CDD49A4E-9841-48FF-B301-B52C16CD7836}.Debug|x64.Build.0 = Debug|Any CPU
		{CDD49A4E-9841-48FF-B301-B52C16CD7836}.Debug|x86.ActiveCfg = Debug|Any CPU
		{CDD49A4E-9841-48FF-B301-B52C16CD7836}.Debug|x86.Build.0 = Debug|Any CPU
		{CDD49A4E-9841-48FF-B301-B52C16CD7836}.Linux|Any CPU.ActiveCfg = Release|Any CPU
		{CDD49A4E-9841-48FF-B301-B52C16CD7836}.Linux|Any CPU.Build.0 = Release|Any CPU
		{CDD49A4E-9841-48FF-B301-B52C16CD7836}.Linux|x64.ActiveCfg = Release|Any CPU
		{CDD49A4E-9841-48FF-B301-B52C16CD7836}.Linux|x64.Build.0 = Release|Any CPU
		{CDD49A4E-9841-48FF-B301-B52C16CD7836}.Linux|x86.ActiveCfg = Release|Any CPU
		{CDD49A4E-9841-48FF-B301-B52C16CD7836}.Linux|x86.Build.0 = Release|Any CPU
		{CDD49A4E-9841-48FF-B301-B52C16CD7836}.Mac|Any CPU.ActiveCfg = Release|Any CPU
		{CDD49A4E-9841-48FF-B301-B52C16CD7836}.Mac|Any CPU.Build.0 = Release|Any CPU
		{CDD49A4E-9841-48FF-B301-B52C16CD7836}.Mac|x64.ActiveCfg = Release|Any CPU
		{CDD49A4E-9841-48FF-B301-B52C16CD7836}.Mac|x64.Build.0 = Release|Any CPU
		{CDD49A4E-9841-48FF-B301-B52C16CD7836}.Mac|x86.ActiveCfg = Release|Any CPU
		{CDD49A4E-9841-48FF-B301-B52C16CD7836}.Mac|x86.Build.0 = Release|Any CPU
		{CDD49A4E-9841-48FF-B301-B52C16CD7836}.Release|Any CPU.ActiveCfg = Release|Any CPU
		{CDD49A4E-9841-48FF-B301-B52C16CD7836}.Release|Any CPU.Build.0 = Release|Any CPU
		{CDD49A4E-9841-48FF-B301-B52C16CD7836}.Release|x64.ActiveCfg = Release|Any CPU
		{CDD49A4E-9841-48FF-B301-B52C16CD7836}.Release|x64.Build.0 = Release|Any CPU
		{CDD49A4E-9841-48FF-B301-B52C16CD7836}.Release|x86.ActiveCfg = Release|Any CPU
		{CDD49A4E-9841-48FF-B301-B52C16CD7836}.Release|x86.Build.0 = Release|Any CPU
		{CDD49A4E-9841-48FF-B301-B52C16CD7836}.Windows|Any CPU.ActiveCfg = Release|Any CPU
		{CDD49A4E-9841-48FF-B301-B52C16CD7836}.Windows|Any CPU.Build.0 = Release|Any CPU
		{CDD49A4E-9841-48FF-B301-B52C16CD7836}.Windows|x64.ActiveCfg = Release|Any CPU
		{CDD49A4E-9841-48FF-B301-B52C16CD7836}.Windows|x64.Build.0 = Release|Any CPU
		{CDD49A4E-9841-48FF-B301-B52C16CD7836}.Windows|x86.ActiveCfg = Release|Any CPU
		{CDD49A4E-9841-48FF-B301-B52C16CD7836}.Windows|x86.Build.0 = Release|Any CPU
	EndGlobalSection
	GlobalSection(SolutionProperties) = preSolution
		HideSolutionNode = FALSE
	EndGlobalSection
	GlobalSection(ExtensibilityGlobals) = postSolution
		SolutionGuid = {C547BF1A-3C73-4A4E-A5AA-3D3CD55D6EE0}
	EndGlobalSection
EndGlobal
